// !$*UTF8*$!
{
	archiveVersion = 1;
	classes = {
	};
	objectVersion = 56;
	objects = {

/* Begin PBXBuildFile section */
		ED4951872AFA62DA008EB92A /* DBSchemaV1.swift in Sources */ = {isa = PBXBuildFile; fileRef = ED4951862AFA62DA008EB92A /* DBSchemaV1.swift */; };
		ED4951892AFA6306008EB92A /* ActiveModels.swift in Sources */ = {isa = PBXBuildFile; fileRef = ED4951882AFA6306008EB92A /* ActiveModels.swift */; };
		EDD5B6CC2AF16AFF009CE2CC /* SwiftDataKnowledgeSharingApp.swift in Sources */ = {isa = PBXBuildFile; fileRef = EDD5B6CB2AF16AFF009CE2CC /* SwiftDataKnowledgeSharingApp.swift */; };
		EDD5B6CE2AF16AFF009CE2CC /* ContentView.swift in Sources */ = {isa = PBXBuildFile; fileRef = EDD5B6CD2AF16AFF009CE2CC /* ContentView.swift */; };
		EDD5B6D02AF16B01009CE2CC /* Assets.xcassets in Resources */ = {isa = PBXBuildFile; fileRef = EDD5B6CF2AF16B01009CE2CC /* Assets.xcassets */; };
		EDD5B6D32AF16B01009CE2CC /* Preview Assets.xcassets in Resources */ = {isa = PBXBuildFile; fileRef = EDD5B6D22AF16B01009CE2CC /* Preview Assets.xcassets */; };
		EDDEEFF82AF93D6100CDE054 /* GlobalObjects.swift in Sources */ = {isa = PBXBuildFile; fileRef = EDDEEFF72AF93D6100CDE054 /* GlobalObjects.swift */; };
		EDDEEFFA2AF93D9A00CDE054 /* Overlay.swift in Sources */ = {isa = PBXBuildFile; fileRef = EDDEEFF92AF93D9A00CDE054 /* Overlay.swift */; };
		EDDEEFFC2AF93DBE00CDE054 /* DoSomethingWithDatabaseAction.swift in Sources */ = {isa = PBXBuildFile; fileRef = EDDEEFFB2AF93DBE00CDE054 /* DoSomethingWithDatabaseAction.swift */; };
/* End PBXBuildFile section */

/* Begin PBXFileReference section */
		ED4951862AFA62DA008EB92A /* DBSchemaV1.swift */ = {isa = PBXFileReference; lastKnownFileType = sourcecode.swift; path = DBSchemaV1.swift; sourceTree = "<group>"; };
		ED4951882AFA6306008EB92A /* ActiveModels.swift */ = {isa = PBXFileReference; lastKnownFileType = sourcecode.swift; path = ActiveModels.swift; sourceTree = "<group>"; };
		EDD5B6C82AF16AFF009CE2CC /* SwiftDataKnowledgeSharing.app */ = {isa = PBXFileReference; explicitFileType = wrapper.application; includeInIndex = 0; path = SwiftDataKnowledgeSharing.app; sourceTree = BUILT_PRODUCTS_DIR; };
		EDD5B6CB2AF16AFF009CE2CC /* SwiftDataKnowledgeSharingApp.swift */ = {isa = PBXFileReference; lastKnownFileType = sourcecode.swift; path = SwiftDataKnowledgeSharingApp.swift; sourceTree = "<group>"; };
		EDD5B6CD2AF16AFF009CE2CC /* ContentView.swift */ = {isa = PBXFileReference; lastKnownFileType = sourcecode.swift; path = ContentView.swift; sourceTree = "<group>"; };
		EDD5B6CF2AF16B01009CE2CC /* Assets.xcassets */ = {isa = PBXFileReference; lastKnownFileType = folder.assetcatalog; path = Assets.xcassets; sourceTree = "<group>"; };
		EDD5B6D22AF16B01009CE2CC /* Preview Assets.xcassets */ = {isa = PBXFileReference; lastKnownFileType = folder.assetcatalog; path = "Preview Assets.xcassets"; sourceTree = "<group>"; };
		EDDEEFF72AF93D6100CDE054 /* GlobalObjects.swift */ = {isa = PBXFileReference; lastKnownFileType = sourcecode.swift; path = GlobalObjects.swift; sourceTree = "<group>"; };
		EDDEEFF92AF93D9A00CDE054 /* Overlay.swift */ = {isa = PBXFileReference; lastKnownFileType = sourcecode.swift; path = Overlay.swift; sourceTree = "<group>"; };
		EDDEEFFB2AF93DBE00CDE054 /* DoSomethingWithDatabaseAction.swift */ = {isa = PBXFileReference; lastKnownFileType = sourcecode.swift; path = DoSomethingWithDatabaseAction.swift; sourceTree = "<group>"; };
/* End PBXFileReference section */

/* Begin PBXFrameworksBuildPhase section */
		EDD5B6C52AF16AFF009CE2CC /* Frameworks */ = {
			isa = PBXFrameworksBuildPhase;
			buildActionMask = 2147483647;
			files = (
			);
			runOnlyForDeploymentPostprocessing = 0;
		};
/* End PBXFrameworksBuildPhase section */

/* Begin PBXGroup section */
		ED4951852AFA62C8008EB92A /* DBSchemas */ = {
			isa = PBXGroup;
			children = (
				ED4951862AFA62DA008EB92A /* DBSchemaV1.swift */,
				ED4951882AFA6306008EB92A /* ActiveModels.swift */,
			);
			path = DBSchemas;
			sourceTree = "<group>";
		};
		EDD5B6BF2AF16AFF009CE2CC = {
			isa = PBXGroup;
			children = (
				EDD5B6CA2AF16AFF009CE2CC /* SwiftDataKnowledgeSharing */,
				EDD5B6C92AF16AFF009CE2CC /* Products */,
			);
			sourceTree = "<group>";
		};
		EDD5B6C92AF16AFF009CE2CC /* Products */ = {
			isa = PBXGroup;
			children = (
				EDD5B6C82AF16AFF009CE2CC /* SwiftDataKnowledgeSharing.app */,
			);
			name = Products;
			sourceTree = "<group>";
		};
		EDD5B6CA2AF16AFF009CE2CC /* SwiftDataKnowledgeSharing */ = {
			isa = PBXGroup;
			children = (
				ED4951852AFA62C8008EB92A /* DBSchemas */,
				EDD5B6CB2AF16AFF009CE2CC /* SwiftDataKnowledgeSharingApp.swift */,
				EDDEEFF72AF93D6100CDE054 /* GlobalObjects.swift */,
				EDD5B6CD2AF16AFF009CE2CC /* ContentView.swift */,
				EDDEEFFB2AF93DBE00CDE054 /* DoSomethingWithDatabaseAction.swift */,
				EDDEEFF92AF93D9A00CDE054 /* Overlay.swift */,
				EDD5B6CF2AF16B01009CE2CC /* Assets.xcassets */,
				EDD5B6D12AF16B01009CE2CC /* Preview Content */,
			);
			path = SwiftDataKnowledgeSharing;
			sourceTree = "<group>";
		};
		EDD5B6D12AF16B01009CE2CC /* Preview Content */ = {
			isa = PBXGroup;
			children = (
				EDD5B6D22AF16B01009CE2CC /* Preview Assets.xcassets */,
			);
			path = "Preview Content";
			sourceTree = "<group>";
		};
/* End PBXGroup section */

/* Begin PBXNativeTarget section */
		EDD5B6C72AF16AFF009CE2CC /* SwiftDataKnowledgeSharing */ = {
			isa = PBXNativeTarget;
			buildConfigurationList = EDD5B6D62AF16B01009CE2CC /* Build configuration list for PBXNativeTarget "SwiftDataKnowledgeSharing" */;
			buildPhases = (
				EDD5B6C42AF16AFF009CE2CC /* Sources */,
				EDD5B6C52AF16AFF009CE2CC /* Frameworks */,
				EDD5B6C62AF16AFF009CE2CC /* Resources */,
			);
			buildRules = (
			);
			dependencies = (
			);
			name = SwiftDataKnowledgeSharing;
			productName = SwiftDataKnowledgeSharing;
			productReference = EDD5B6C82AF16AFF009CE2CC /* SwiftDataKnowledgeSharing.app */;
			productType = "com.apple.product-type.application";
		};
/* End PBXNativeTarget section */

/* Begin PBXProject section */
		EDD5B6C02AF16AFF009CE2CC /* Project object */ = {
			isa = PBXProject;
			attributes = {
				BuildIndependentTargetsInParallel = 1;
				LastSwiftUpdateCheck = 1500;
				LastUpgradeCheck = 1500;
				TargetAttributes = {
					EDD5B6C72AF16AFF009CE2CC = {
						CreatedOnToolsVersion = 15.0;
					};
				};
			};
			buildConfigurationList = EDD5B6C32AF16AFF009CE2CC /* Build configuration list for PBXProject "SwiftDataKnowledgeSharing" */;
			compatibilityVersion = "Xcode 14.0";
			developmentRegion = en;
			hasScannedForEncodings = 0;
			knownRegions = (
				en,
				Base,
			);
			mainGroup = EDD5B6BF2AF16AFF009CE2CC;
			productRefGroup = EDD5B6C92AF16AFF009CE2CC /* Products */;
			projectDirPath = "";
			projectRoot = "";
			targets = (
				EDD5B6C72AF16AFF009CE2CC /* SwiftDataKnowledgeSharing */,
			);
		};
/* End PBXProject section */

/* Begin PBXResourcesBuildPhase section */
		EDD5B6C62AF16AFF009CE2CC /* Resources */ = {
			isa = PBXResourcesBuildPhase;
			buildActionMask = 2147483647;
			files = (
				EDD5B6D32AF16B01009CE2CC /* Preview Assets.xcassets in Resources */,
				EDD5B6D02AF16B01009CE2CC /* Assets.xcassets in Resources */,
			);
			runOnlyForDeploymentPostprocessing = 0;
		};
/* End PBXResourcesBuildPhase section */

/* Begin PBXSourcesBuildPhase section */
		EDD5B6C42AF16AFF009CE2CC /* Sources */ = {
			isa = PBXSourcesBuildPhase;
			buildActionMask = 2147483647;
			files = (
				EDDEEFFC2AF93DBE00CDE054 /* DoSomethingWithDatabaseAction.swift in Sources */,
				ED4951872AFA62DA008EB92A /* DBSchemaV1.swift in Sources */,
				EDD5B6CE2AF16AFF009CE2CC /* ContentView.swift in Sources */,
				EDDEEFF82AF93D6100CDE054 /* GlobalObjects.swift in Sources */,
				EDDEEFFA2AF93D9A00CDE054 /* Overlay.swift in Sources */,
				ED4951892AFA6306008EB92A /* ActiveModels.swift in Sources */,
				EDD5B6CC2AF16AFF009CE2CC /* SwiftDataKnowledgeSharingApp.swift in Sources */,
			);
			runOnlyForDeploymentPostprocessing = 0;
		};
/* End PBXSourcesBuildPhase section */

/* Begin XCBuildConfiguration section */
		EDD5B6D42AF16B01009CE2CC /* Debug */ = {
			isa = XCBuildConfiguration;
			buildSettings = {
				ALWAYS_SEARCH_USER_PATHS = NO;
				ASSETCATALOG_COMPILER_GENERATE_SWIFT_ASSET_SYMBOL_EXTENSIONS = YES;
				CLANG_ANALYZER_NONNULL = YES;
				CLANG_ANALYZER_NUMBER_OBJECT_CONVERSION = YES_AGGRESSIVE;
				CLANG_CXX_LANGUAGE_STANDARD = "gnu++20";
				CLANG_ENABLE_MODULES = YES;
				CLANG_ENABLE_OBJC_ARC = YES;
				CLANG_ENABLE_OBJC_WEAK = YES;
				CLANG_WARN_BLOCK_CAPTURE_AUTORELEASING = YES;
				CLANG_WARN_BOOL_CONVERSION = YES;
				CLANG_WARN_COMMA = YES;
				CLANG_WARN_CONSTANT_CONVERSION = YES;
				CLANG_WARN_DEPRECATED_OBJC_IMPLEMENTATIONS = YES;
				CLANG_WARN_DIRECT_OBJC_ISA_USAGE = YES_ERROR;
				CLANG_WARN_DOCUMENTATION_COMMENTS = YES;
				CLANG_WARN_EMPTY_BODY = YES;
				CLANG_WARN_ENUM_CONVERSION = YES;
				CLANG_WARN_INFINITE_RECURSION = YES;
				CLANG_WARN_INT_CONVERSION = YES;
				CLANG_WARN_NON_LITERAL_NULL_CONVERSION = YES;
				CLANG_WARN_OBJC_IMPLICIT_RETAIN_SELF = YES;
				CLANG_WARN_OBJC_LITERAL_CONVERSION = YES;
				CLANG_WARN_OBJC_ROOT_CLASS = YES_ERROR;
				CLANG_WARN_QUOTED_INCLUDE_IN_FRAMEWORK_HEADER = YES;
				CLANG_WARN_RANGE_LOOP_ANALYSIS = YES;
				CLANG_WARN_STRICT_PROTOTYPES = YES;
				CLANG_WARN_SUSPICIOUS_MOVE = YES;
				CLANG_WARN_UNGUARDED_AVAILABILITY = YES_AGGRESSIVE;
				CLANG_WARN_UNREACHABLE_CODE = YES;
				CLANG_WARN__DUPLICATE_METHOD_MATCH = YES;
				COPY_PHASE_STRIP = NO;
				DEBUG_INFORMATION_FORMAT = dwarf;
				ENABLE_STRICT_OBJC_MSGSEND = YES;
				ENABLE_TESTABILITY = YES;
				ENABLE_USER_SCRIPT_SANDBOXING = YES;
				GCC_C_LANGUAGE_STANDARD = gnu17;
				GCC_DYNAMIC_NO_PIC = NO;
				GCC_NO_COMMON_BLOCKS = YES;
				GCC_OPTIMIZATION_LEVEL = 0;
				GCC_PREPROCESSOR_DEFINITIONS = (
					"DEBUG=1",
					"$(inherited)",
				);
				GCC_WARN_64_TO_32_BIT_CONVERSION = YES;
				GCC_WARN_ABOUT_RETURN_TYPE = YES_ERROR;
				GCC_WARN_UNDECLARED_SELECTOR = YES;
				GCC_WARN_UNINITIALIZED_AUTOS = YES_AGGRESSIVE;
				GCC_WARN_UNUSED_FUNCTION = YES;
				GCC_WARN_UNUSED_VARIABLE = YES;
				IPHONEOS_DEPLOYMENT_TARGET = 17.0;
				LOCALIZATION_PREFERS_STRING_CATALOGS = YES;
				MTL_ENABLE_DEBUG_INFO = INCLUDE_SOURCE;
				MTL_FAST_MATH = YES;
				ONLY_ACTIVE_ARCH = YES;
				SDKROOT = iphoneos;
				SWIFT_ACTIVE_COMPILATION_CONDITIONS = "DEBUG $(inherited)";
				SWIFT_OPTIMIZATION_LEVEL = "-Onone";
			};
			name = Debug;
		};
		EDD5B6D52AF16B01009CE2CC /* Release */ = {
			isa = XCBuildConfiguration;
			buildSettings = {
				ALWAYS_SEARCH_USER_PATHS = NO;
				ASSETCATALOG_COMPILER_GENERATE_SWIFT_ASSET_SYMBOL_EXTENSIONS = YES;
				CLANG_ANALYZER_NONNULL = YES;
				CLANG_ANALYZER_NUMBER_OBJECT_CONVERSION = YES_AGGRESSIVE;
				CLANG_CXX_LANGUAGE_STANDARD = "gnu++20";
				CLANG_ENABLE_MODULES = YES;
				CLANG_ENABLE_OBJC_ARC = YES;
				CLANG_ENABLE_OBJC_WEAK = YES;
				CLANG_WARN_BLOCK_CAPTURE_AUTORELEASING = YES;
				CLANG_WARN_BOOL_CONVERSION = YES;
				CLANG_WARN_COMMA = YES;
				CLANG_WARN_CONSTANT_CONVERSION = YES;
				CLANG_WARN_DEPRECATED_OBJC_IMPLEMENTATIONS = YES;
				CLANG_WARN_DIRECT_OBJC_ISA_USAGE = YES_ERROR;
				CLANG_WARN_DOCUMENTATION_COMMENTS = YES;
				CLANG_WARN_EMPTY_BODY = YES;
				CLANG_WARN_ENUM_CONVERSION = YES;
				CLANG_WARN_INFINITE_RECURSION = YES;
				CLANG_WARN_INT_CONVERSION = YES;
				CLANG_WARN_NON_LITERAL_NULL_CONVERSION = YES;
				CLANG_WARN_OBJC_IMPLICIT_RETAIN_SELF = YES;
				CLANG_WARN_OBJC_LITERAL_CONVERSION = YES;
				CLANG_WARN_OBJC_ROOT_CLASS = YES_ERROR;
				CLANG_WARN_QUOTED_INCLUDE_IN_FRAMEWORK_HEADER = YES;
				CLANG_WARN_RANGE_LOOP_ANALYSIS = YES;
				CLANG_WARN_STRICT_PROTOTYPES = YES;
				CLANG_WARN_SUSPICIOUS_MOVE = YES;
				CLANG_WARN_UNGUARDED_AVAILABILITY = YES_AGGRESSIVE;
				CLANG_WARN_UNREACHABLE_CODE = YES;
				CLANG_WARN__DUPLICATE_METHOD_MATCH = YES;
				COPY_PHASE_STRIP = NO;
				DEBUG_INFORMATION_FORMAT = "dwarf-with-dsym";
				ENABLE_NS_ASSERTIONS = NO;
				ENABLE_STRICT_OBJC_MSGSEND = YES;
				ENABLE_USER_SCRIPT_SANDBOXING = YES;
				GCC_C_LANGUAGE_STANDARD = gnu17;
				GCC_NO_COMMON_BLOCKS = YES;
				GCC_WARN_64_TO_32_BIT_CONVERSION = YES;
				GCC_WARN_ABOUT_RETURN_TYPE = YES_ERROR;
				GCC_WARN_UNDECLARED_SELECTOR = YES;
				GCC_WARN_UNINITIALIZED_AUTOS = YES_AGGRESSIVE;
				GCC_WARN_UNUSED_FUNCTION = YES;
				GCC_WARN_UNUSED_VARIABLE = YES;
				IPHONEOS_DEPLOYMENT_TARGET = 17.0;
				LOCALIZATION_PREFERS_STRING_CATALOGS = YES;
				MTL_ENABLE_DEBUG_INFO = NO;
				MTL_FAST_MATH = YES;
				SDKROOT = iphoneos;
				SWIFT_COMPILATION_MODE = wholemodule;
				VALIDATE_PRODUCT = YES;
			};
			name = Release;
		};
		EDD5B6D72AF16B01009CE2CC /* Debug */ = {
			isa = XCBuildConfiguration;
			buildSettings = {
				ASSETCATALOG_COMPILER_APPICON_NAME = AppIcon;
				ASSETCATALOG_COMPILER_GLOBAL_ACCENT_COLOR_NAME = AccentColor;
				CODE_SIGN_STYLE = Automatic;
				CURRENT_PROJECT_VERSION = 1;
				DEVELOPMENT_ASSET_PATHS = "\"SwiftDataKnowledgeSharing/Preview Content\"";
				DEVELOPMENT_TEAM = 96V8WNRRZ2;
				ENABLE_PREVIEWS = YES;
				GENERATE_INFOPLIST_FILE = YES;
				INFOPLIST_KEY_UIApplicationSceneManifest_Generation = YES;
				INFOPLIST_KEY_UIApplicationSupportsIndirectInputEvents = YES;
				INFOPLIST_KEY_UILaunchScreen_Generation = YES;
				INFOPLIST_KEY_UISupportedInterfaceOrientations_iPad = "UIInterfaceOrientationPortrait UIInterfaceOrientationPortraitUpsideDown UIInterfaceOrientationLandscapeLeft UIInterfaceOrientationLandscapeRight";
				INFOPLIST_KEY_UISupportedInterfaceOrientations_iPhone = "UIInterfaceOrientationPortrait UIInterfaceOrientationLandscapeLeft UIInterfaceOrientationLandscapeRight";
				LD_RUNPATH_SEARCH_PATHS = (
					"$(inherited)",
					"@executable_path/Frameworks",
				);
				MARKETING_VERSION = 1.0;
				PRODUCT_BUNDLE_IDENTIFIER = bimbim.bambam.SwiftDataKnowledgeSharing;
				PRODUCT_NAME = "$(TARGET_NAME)";
				SWIFT_EMIT_LOC_STRINGS = YES;
				SWIFT_VERSION = 5.0;
				TARGETED_DEVICE_FAMILY = "1,2";
			};
			name = Debug;
		};
		EDD5B6D82AF16B01009CE2CC /* Release */ = {
			isa = XCBuildConfiguration;
			buildSettings = {
				ASSETCATALOG_COMPILER_APPICON_NAME = AppIcon;
				ASSETCATALOG_COMPILER_GLOBAL_ACCENT_COLOR_NAME = AccentColor;
				CODE_SIGN_STYLE = Automatic;
				CURRENT_PROJECT_VERSION = 1;
				DEVELOPMENT_ASSET_PATHS = "\"SwiftDataKnowledgeSharing/Preview Content\"";
				DEVELOPMENT_TEAM = 96V8WNRRZ2;
				ENABLE_PREVIEWS = YES;
				GENERATE_INFOPLIST_FILE = YES;
				INFOPLIST_KEY_UIApplicationSceneManifest_Generation = YES;
				INFOPLIST_KEY_UIApplicationSupportsIndirectInputEvents = YES;
				INFOPLIST_KEY_UILaunchScreen_Generation = YES;
				INFOPLIST_KEY_UISupportedInterfaceOrientations_iPad = "UIInterfaceOrientationPortrait UIInterfaceOrientationPortraitUpsideDown UIInterfaceOrientationLandscapeLeft UIInterfaceOrientationLandscapeRight";
				INFOPLIST_KEY_UISupportedInterfaceOrientations_iPhone = "UIInterfaceOrientationPortrait UIInterfaceOrientationLandscapeLeft UIInterfaceOrientationLandscapeRight";
				LD_RUNPATH_SEARCH_PATHS = (
					"$(inherited)",
					"@executable_path/Frameworks",
				);
				MARKETING_VERSION = 1.0;
				PRODUCT_BUNDLE_IDENTIFIER = bimbim.bambam.SwiftDataKnowledgeSharing;
				PRODUCT_NAME = "$(TARGET_NAME)";
				SWIFT_EMIT_LOC_STRINGS = YES;
				SWIFT_VERSION = 5.0;
				TARGETED_DEVICE_FAMILY = "1,2";
			};
			name = Release;
		};
/* End XCBuildConfiguration section */

/* Begin XCConfigurationList section */
		EDD5B6C32AF16AFF009CE2CC /* Build configuration list for PBXProject "SwiftDataKnowledgeSharing" */ = {
			isa = XCConfigurationList;
			buildConfigurations = (
				EDD5B6D42AF16B01009CE2CC /* Debug */,
				EDD5B6D52AF16B01009CE2CC /* Release */,
			);
			defaultConfigurationIsVisible = 0;
			defaultConfigurationName = Release;
		};
		EDD5B6D62AF16B01009CE2CC /* Build configuration list for PBXNativeTarget "SwiftDataKnowledgeSharing" */ = {
			isa = XCConfigurationList;
			buildConfigurations = (
				EDD5B6D72AF16B01009CE2CC /* Debug */,
				EDD5B6D82AF16B01009CE2CC /* Release */,
			);
			defaultConfigurationIsVisible = 0;
			defaultConfigurationName = Release;
		};
/* End XCConfigurationList section */
	};
	rootObject = EDD5B6C02AF16AFF009CE2CC /* Project object */;
}
